# This file is generated by running "yarn install" inside your project.
# Manual changes might be lost - proceed with caution!

__metadata:
  version: 8
  cacheKey: 10c0

"Armstrong.Quiz@workspace:.":
  version: 0.0.0-use.local
  resolution: "Armstrong.Quiz@workspace:."
  dependencies:
    daisyui: "npm:^5.5.19"
    tailwindcss: "npm:4"
  languageName: unknown
  linkType: soft

"daisyui@npm:^5.5.19":
  version: 5.5.19
  resolution: "daisyui@npm:5.5.19"
  checksum: 10c0/10e33c5e602b491b6e82e369fd08f1737359a327361cd464e87e2bf9e14e0601bf362db03e6846ae398f76d3f2cf524e071d3fec85b18d6637faddd628d2a10a
  languageName: node
  linkType: hard

"tailwindcss@npm:4":
  version: 4.2.1
  resolution: "tailwindcss@npm:4.2.1"
  checksum: 10c0/482d734b582e9da509042ff59c1d7564d99e39e238c50ae907c20fa56177a8a00c3902f6971329971bd6a1c5357026ac76a849b8f2c69c94f0f59be99530ba54
  languageName: node
  linkType: hard
